{
    "_meta": {
        "hash": {
            "sha256": "eeb8035445c7c96f01d0da21eae95539c5d4e523325ff3080c7392d51892f537"
        },
        "pipfile-spec": 6,
        "requires": {
            "python_version": "3.9"
        },
        "sources": [
            {
                "name": "pypi",
                "url": "http://pypi.douban.com/simple/",
                "verify_ssl": true
            }
        ]
    },
    "default": {
        "click": {
            "hashes": [
                "sha256:d2b5255c7c6349bc1bd1e59e08cd12acbbd63ce649f2588755783aa94dfb6b1a",
                "sha256:dacca89f4bfadd5de3d7489b7c8a566eee0d3676333fbb50030263894c38c0dc"
            ],
            "markers": "python_version >= '2.7' and python_version not in '3.0, 3.1, 3.2, 3.3, 3.4'",
            "version": "==7.1.2"
        },
        "pyqt5": {
            "hashes": [
                "sha256:213bebd51821ed89b4d5b35bb10dbe67564228b3568f463a351a08e8b1677025",
                "sha256:2a69597e0dd11caabe75fae133feca66387819fc9bc050f547e5551bce97e5be",
                "sha256:883a549382fc22d29a0568f3ef20b38c8e7ab633a59498ac4eb63a3bf36d3fd3",
                "sha256:8c0848ba790a895801d5bfd171da31cad3e551dbcc4e59677a3b622de2ceca98",
                "sha256:a88526a271e846e44779bb9ad7a738c6d3c4a9d01e15a128ecfc6dd4696393b7"
            ],
            "index": "pypi",
            "version": "==5.15.4"
        },
        "pyqt5-plugins": {
            "hashes": [
                "sha256:18c3f128bd3beb7101a0bd1b534864f7a3ab6186fbd304badf173d4c19d7dfdb",
                "sha256:259fa77a3acf3aaec4aee2423afbd5250e7147da4268ba019bec4d99825ad374",
                "sha256:3f42ce1cfb23994bab8fb9c1817665c1eac4c3a0c05b9e1c9e57088d40e58897",
                "sha256:744b880206fe8bab5567684f195c7d725f2b84dc30a812586bfdd3cca0ef1dcc",
                "sha256:75958c4270ace18198768987380079e33d30561f5f723b8a1951a3134a7cc793",
                "sha256:782f198cd8f1684ebfa5c7e41ef2346970e55d5fcab3e38bb303a8db67ec7167",
                "sha256:7894a4a56890d104ca0764db4bf380a67cf21e3ecbd7d451f07147f75c52e31f",
                "sha256:8d053e82015fa54d73a4690dcd732149c4fe467fb0d414376c3bce73e9d9d510",
                "sha256:97685a20671f2fd0f21686aa6269291f247917d69bc2e0f53059f6998e586b4a",
                "sha256:9f4cbc8719032d0531b42c1eb42e2a63ccd6666741c5ead856847049790202a0",
                "sha256:a613746870a0a7179777c4d8e2ec4ec247114e6cdb36d493f24cc60347216fd0",
                "sha256:b03601596dd2105f23fb0864a07f8202d48d69859c1f23852b572d4286f07584",
                "sha256:d7c9440f39265b6c3f45ce0af96ee63f59c664e3c02581f251bbd204d874d121",
                "sha256:e3ef8949e4344ba59b277bbaae88fac41f051dbcca77a0c9da0e085a1a5f4904",
                "sha256:ed93fa9ea6430d8a1bad3834d5c47b46b77dd4d0143f13afc485bfbedaad6afc",
                "sha256:f6891a24688026050c92445c9b47cb0b676359588309f7f6a6a2666d4a677262"
            ],
            "markers": "python_version >= '3.5'",
            "version": "==5.15.4.2.2"
        },
        "pyqt5-qt5": {
            "hashes": [
                "sha256:1988f364ec8caf87a6ee5d5a3a5210d57539988bf8e84714c7d60972692e2f4a",
                "sha256:750b78e4dba6bdf1607febedc08738e318ea09e9b10aea9ff0d73073f11f6962",
                "sha256:76980cd3d7ae87e3c7a33bfebfaee84448fd650bad6840471d6cae199b56e154",
                "sha256:9cc7a768b1921f4b982ebc00a318ccb38578e44e45316c7a4a850e953e1dd327"
            ],
            "version": "==5.15.2"
        },
        "pyqt5-sip": {
            "hashes": [
                "sha256:023de82b23a7e97369588dd6e411dd2bfbedbbcfb4c7f9c2ecaa9e29fc46a81e",
                "sha256:087a7c0ebff00bca73788588b61b50063e17fcdb26977317d1785cb241a66a56",
                "sha256:0ba8c0751b46561542b5a6bb1b703faad10a205d9375ebc607b1c9f858bfe5b1",
                "sha256:2378bda30ee2b7a568086952658ba8daad8f0f71fc335f696423ee9b3b4028db",
                "sha256:3a92bd103dad59c2bfbb1062420c2e7bcf134dfce800f6a8c9964c99a590162d",
                "sha256:5e8472a959ec85f94d4810326505076b55eb4d8b2e08dbd5d87bd1907c59680c",
                "sha256:8024347c865a7f0c6581b460cc18dbea1c401733300bc3cb76f74c9432a2b0ae",
                "sha256:8504991216ff94ca1eaba39a6e6497e6ed860f1fc659f6c14ebfccf43733c02f",
                "sha256:90f8cde3b446799800bc7c2d89a4fef5d8316d9f4c2f06daf4f6976d1c68fdfa",
                "sha256:97e008795c453488f51a5c97dbff29cda7841afb1ca842c9e819d8e6cc0ae724",
                "sha256:a345bed4112d44705340e4033a2abc66d8dbd4afd62f3a9aa69253f15718df53",
                "sha256:a83c7ba53e04e05cf1bcd18639080dd44196cf248773f34b1e9b831c11a1e198",
                "sha256:b2852df169f349e37999fc425f2d0abd004d09219354a55d3b4c6dd574b3fe84",
                "sha256:ba89547fc54403bbdcb7ee6066098d02d18d813f29b7de2434043a357bb79f6b",
                "sha256:d31f6f05777c8ee0828daeb5cb4a15d4124c63d94cacb07faa2dbc79f72209ea",
                "sha256:dda92bfaee40fd612c6b1e2614570d6acc8ec63032c6fd45d5e66badd18d387c",
                "sha256:e70c961eb982cfc866a988cfe4fab16741d480d885203e04b539ecf32b53c6b7"
            ],
            "markers": "python_version >= '3.7'",
            "version": "==12.10.1"
        },
        "pyqt5-tools": {
            "hashes": [
                "sha256:ffed39e0f5185ca155acf01195bcad1d505743a02ce1e9b8128571a78e014efa"
            ],
            "index": "pypi",
            "version": "==5.15.4.3.2"
        },
        "python-dotenv": {
            "hashes": [
                "sha256:b7e3b04a59693c42c36f9ab1cc2acc46fa5df8c78e178fc33a8d4cd05c8d498f",
                "sha256:d92a187be61fe482e4fd675b6d52200e7be63a12b724abbf931a40ce4fa92938"
            ],
            "markers": "python_version >= '3.5'",
            "version": "==0.20.0"
        },
        "qt5-applications": {
            "hashes": [
                "sha256:068f920b1d362baf11636a6a9df1ba2e6c99e98f429dd1eba91fba8fd621d874",
                "sha256:8e4c9fca09337ce8eb36f0c0b9398ea1b887c6bedc9024bac26b5c4a6abbbe43",
                "sha256:b6269454e6c26021e127aa6e7462058491f068d852401c99cdebe9c94246d9d2",
                "sha256:c0baa4524ceb7be7a1dcab0251bed361a8353fd13d17d0c57bd20ea0d3924137"
            ],
            "markers": "python_version >= '3.5'",
            "version": "==5.15.2.2.2"
        },
        "qt5-tools": {
            "hashes": [
                "sha256:5b1bb4d09e9e13a4a59463aae0a078cae6f90eaae061afdddb38b89a996dc475"
            ],
            "markers": "python_version >= '3.5'",
            "version": "==5.15.2.1.2"
        }
    },
    "develop": {}
}
